{
  "requires": true,
  "lockfileVersion": 1,
  "dependencies": {
    "react-ga": {
      "version": "3.3.1",
      "resolved": "https://registry.npmjs.org/react-ga/-/react-ga-3.3.1.tgz",
      "integrity": "sha512-4Vc0W5EvXAXUN/wWyxvsAKDLLgtJ3oLmhYYssx+YzphJpejtOst6cbIHCIyF50Fdxuf5DDKqRYny24yJ2y7GFQ=="
    }
  }
}
